
Microsoft Visual Studio Solution File, Format Version 12.00
# Visual Studio 15
VisualStudioVersion = 15.0.26730.12
MinimumVisualStudioVersion = 10.0.40219.1
Project("{8BC9CEB8-8B4A-11D0-8D11-00A0C91BC942}") = "MHX ASS", "MHX ASS.vcxproj", "{509B4E97-E4FF-4A8A-A54B-8F8BC7DFD204}"
EndProject
Global
	GlobalSection(SolutionConfigurationPlatforms) = preSolution
		Debug|Win32 = Debug|Win32
		Release|Win32 = Release|Win32
	EndGlobalSection
	GlobalSection(ProjectConfigurationPlatforms) = postSolution
		{509B4E97-E4FF-4A8A-A54B-8F8BC7DFD204}.Debug|Win32.ActiveCfg = Debug|Win32
		{509B4E97-E4FF-4A8A-A54B-8F8BC7DFD204}.Debug|Win32.Build.0 = Debug|Win32
		{509B4E97-E4FF-4A8A-A54B-8F8BC7DFD204}.Release|Win32.ActiveCfg = Release|Win32
		{509B4E97-E4FF-4A8A-A54B-8F8BC7DFD204}.Release|Win32.Build.0 = Release|Win32
	EndGlobalSection
	GlobalSection(SolutionProperties) = preSolution
		HideSolutionNode = FALSE
	EndGlobalSection
	GlobalSection(ExtensibilityGlobals) = postSolution
		SolutionGuid = {C72EDD95-7478-4006-9F27-FB0D98084962}
	EndGlobalSection
EndGlobal
